
Microsoft Visual Studio Solution File, Format Version 12.00
# Visual Studio Version 16
VisualStudioVersion = 16.0.31205.134
MinimumVisualStudioVersion = 10.0.40219.1
Project("{9A19103F-16F7-4668-BE54-9A1E7A4F7556}") = "WinFormsApp2", "WinFormsApp2\WinFormsApp2.csproj", "{B1F9B57C-CC98-4FE1-AB85-F9A931CC2948}"
EndProject
Global
	GlobalSection(SolutionConfigurationPlatforms) = preSolution
		Debug|Any CPU = Debug|Any CPU
		Release|Any CPU = Release|Any CPU
	EndGlobalSection
	GlobalSection(ProjectConfigurationPlatforms) = postSolution
		{B1F9B57C-CC98-4FE1-AB85-F9A931CC2948}.Debug|Any CPU.ActiveCfg = Debug|Any CPU
		{B1F9B57C-CC98-4FE1-AB85-F9A931CC2948}.Debug|Any CPU.Build.0 = Debug|Any CPU
		{B1F9B57C-CC98-4FE1-AB85-F9A931CC2948}.Release|Any CPU.ActiveCfg = Release|Any CPU
		{B1F9B57C-CC98-4FE1-AB85-F9A931CC2948}.Release|Any CPU.Build.0 = Release|Any CPU
	EndGlobalSection
	GlobalSection(SolutionProperties) = preSolution
		HideSolutionNode = FALSE
	EndGlobalSection
	GlobalSection(ExtensibilityGlobals) = postSolution
		SolutionGuid = {49785873-FB69-49A0-A127-C29E681BADF6}
	EndGlobalSection
EndGlobal
